
Microsoft Visual Studio Solution File, Format Version 10.00
# Visual Studio 2008
Project("{8BC9CEB8-8B4A-11D0-8D11-00A0C91BC942}") = "tinycmd", "tinycmd.vcproj", "{FECD600B-642B-4849-B8A9-BC7A163FA297}"
EndProject
Global
	GlobalSection(SolutionConfigurationPlatforms) = preSolution
		GCC|Win32 = GCC|Win32
	EndGlobalSection
	GlobalSection(ProjectConfigurationPlatforms) = postSolution
		{FECD600B-642B-4849-B8A9-BC7A163FA297}.GCC|Win32.ActiveCfg = GCC|Win32
		{FECD600B-642B-4849-B8A9-BC7A163FA297}.GCC|Win32.Build.0 = GCC|Win32
	EndGlobalSection
	GlobalSection(SolutionProperties) = preSolution
		HideSolutionNode = FALSE
	EndGlobalSection
EndGlobal
