
Microsoft Visual Studio Solution File, Format Version 10.00
# Visual Studio 2008
Project("{8BC9CEB8-8B4A-11D0-8D11-00A0C91BC942}") = "PhaseControl", "PhaseControl.vcproj", "{C21386B9-5807-4313-9177-A0E34F7CB109}"
EndProject
Global
	GlobalSection(SolutionConfigurationPlatforms) = preSolution
		GCC|Win32 = GCC|Win32
	EndGlobalSection
	GlobalSection(ProjectConfigurationPlatforms) = postSolution
		{C21386B9-5807-4313-9177-A0E34F7CB109}.GCC|Win32.ActiveCfg = GCC|Win32
		{C21386B9-5807-4313-9177-A0E34F7CB109}.GCC|Win32.Build.0 = GCC|Win32
	EndGlobalSection
	GlobalSection(SolutionProperties) = preSolution
		HideSolutionNode = FALSE
	EndGlobalSection
EndGlobal
